asgiref==3.11.1
asttokens==3.0.1
babel==2.18.0
crispy-tailwind==1.0.3
decorator==5.2.1
dj-database-url==3.1.0
Django==5.1.15
django-allauth==65.14.1
django-cors-headers==4.9.0
django-crispy-forms==2.5
django-debug-toolbar==6.2.0
django-extensions==4.1
django-filter==25.1
django-fsm==3.0.1
django-htmx==1.27.0
django-money==3.6.0
django-widget-tweaks==1.5.1
djangorestframework==3.16.1
executing==2.2.1
gunicorn==25.0.3
ipython==9.10.0
ipython_pygments_lexers==1.1.1
jedi==0.19.2
matplotlib-inline==0.2.1
packaging==26.0
parso==0.8.5
pexpect==4.9.0
phonenumbers==9.0.23
prompt_toolkit==3.0.52
psycopg2-binary==2.9.11
ptyprocess==0.7.0
pure_eval==0.2.3
py-moneyed==3.0
Pygments==2.19.2
python-decouple==3.8
sqlparse==0.5.5
stack-data==0.6.3
traitlets==5.14.3
typing_extensions==4.15.0
validate_docbr==1.11.1
wcwidth==0.6.0
whitenoise==6.11.0
